// !$*UTF8*$!
{
	archiveVersion = 1;
	classes = {
	};
	objectVersion = 48;
	objects = {

/* Begin PBXBuildFile section */
		27C8F4B7200E253400E89A65 /* AppDelegate.m in Sources */ = {isa = PBXBuildFile; fileRef = 27C8F4B6200E253400E89A65 /* AppDelegate.m */; };
		27C8F4BA200E253400E89A65 /* ViewController.m in Sources */ = {isa = PBXBuildFile; fileRef = 27C8F4B9200E253400E89A65 /* ViewController.m */; };
		27C8F4BD200E253400E89A65 /* Main.storyboard in Resources */ = {isa = PBXBuildFile; fileRef = 27C8F4BB200E253400E89A65 /* Main.storyboard */; };
		27C8F4BF200E253400E89A65 /* Assets.xcassets in Resources */ = {isa = PBXBuildFile; fileRef = 27C8F4BE200E253400E89A65 /* Assets.xcassets */; };
		27C8F4C2200E253400E89A65 /* LaunchScreen.storyboard in Resources */ = {isa = PBXBuildFile; fileRef = 27C8F4C0200E253400E89A65 /* LaunchScreen.storyboard */; };
		27C8F4C5200E253400E89A65 /* main.m in Sources */ = {isa = PBXBuildFile; fileRef = 27C8F4C4200E253400E89A65 /* main.m */; };
		27C8F4CC200E26CA00E89A65 /* demo.html in Resources */ = {isa = PBXBuildFile; fileRef = 27C8F4CB200E26CA00E89A65 /* demo.html */; };
		27C8F4CF200E26EA00E89A65 /* WebViewController.m in Sources */ = {isa = PBXBuildFile; fileRef = 27C8F4CE200E26EA00E89A65 /* WebViewController.m */; };
		27C8F4D22010D78500E89A65 /* WKWebViewController.m in Sources */ = {isa = PBXBuildFile; fileRef = 27C8F4D12010D78500E89A65 /* WKWebViewController.m */; };
		27E71662202346DE000BB024 /* NavViewController.m in Sources */ = {isa = PBXBuildFile; fileRef = 27E71661202346DE000BB024 /* NavViewController.m */; };
/* End PBXBuildFile section */

/* Begin PBXFileReference section */
		27C8F4B2200E253400E89A65 /* WebLinkOC.app */ = {isa = PBXFileReference; explicitFileType = wrapper.application; includeInIndex = 0; path = WebLinkOC.app; sourceTree = BUILT_PRODUCTS_DIR; };
		27C8F4B5200E253400E89A65 /* AppDelegate.h */ = {isa = PBXFileReference; lastKnownFileType = sourcecode.c.h; path = AppDelegate.h; sourceTree = "<group>"; };
		27C8F4B6200E253400E89A65 /* AppDelegate.m */ = {isa = PBXFileReference; lastKnownFileType = sourcecode.c.objc; path = AppDelegate.m; sourceTree = "<group>"; };
		27C8F4B8200E253400E89A65 /* ViewController.h */ = {isa = PBXFileReference; lastKnownFileType = sourcecode.c.h; path = ViewController.h; sourceTree = "<group>"; };
		27C8F4B9200E253400E89A65 /* ViewController.m */ = {isa = PBXFileReference; lastKnownFileType = sourcecode.c.objc; path = ViewController.m; sourceTree = "<group>"; };
		27C8F4BC200E253400E89A65 /* Base */ = {isa = PBXFileReference; lastKnownFileType = file.storyboard; name = Base; path = Base.lproj/Main.storyboard; sourceTree = "<group>"; };
		27C8F4BE200E253400E89A65 /* Assets.xcassets */ = {isa = PBXFileReference; lastKnownFileType = folder.assetcatalog; path = Assets.xcassets; sourceTree = "<group>"; };
		27C8F4C1200E253400E89A65 /* Base */ = {isa = PBXFileReference; lastKnownFileType = file.storyboard; name = Base; path = Base.lproj/LaunchScreen.storyboard; sourceTree = "<group>"; };
		27C8F4C3200E253400E89A65 /* Info.plist */ = {isa = PBXFileReference; lastKnownFileType = text.plist.xml; path = Info.plist; sourceTree = "<group>"; };
		27C8F4C4200E253400E89A65 /* main.m */ = {isa = PBXFileReference; lastKnownFileType = sourcecode.c.objc; path = main.m; sourceTree = "<group>"; };
		27C8F4CB200E26CA00E89A65 /* demo.html */ = {isa = PBXFileReference; fileEncoding = 4; lastKnownFileType = text.html; path = demo.html; sourceTree = "<group>"; };
		27C8F4CD200E26EA00E89A65 /* WebViewController.h */ = {isa = PBXFileReference; lastKnownFileType = sourcecode.c.h; path = WebViewController.h; sourceTree = "<group>"; };
		27C8F4CE200E26EA00E89A65 /* WebViewController.m */ = {isa = PBXFileReference; lastKnownFileType = sourcecode.c.objc; path = WebViewController.m; sourceTree = "<group>"; };
		27C8F4D02010D78500E89A65 /* WKWebViewController.h */ = {isa = PBXFileReference; lastKnownFileType = sourcecode.c.h; path = WKWebViewController.h; sourceTree = "<group>"; };
		27C8F4D12010D78500E89A65 /* WKWebViewController.m */ = {isa = PBXFileReference; lastKnownFileType = sourcecode.c.objc; path = WKWebViewController.m; sourceTree = "<group>"; };
		27E71660202346DE000BB024 /* NavViewController.h */ = {isa = PBXFileReference; lastKnownFileType = sourcecode.c.h; path = NavViewController.h; sourceTree = "<group>"; };
		27E71661202346DE000BB024 /* NavViewController.m */ = {isa = PBXFileReference; lastKnownFileType = sourcecode.c.objc; path = NavViewController.m; sourceTree = "<group>"; };
/* End PBXFileReference section */

/* Begin PBXFrameworksBuildPhase section */
		27C8F4AF200E253400E89A65 /* Frameworks */ = {
			isa = PBXFrameworksBuildPhase;
			buildActionMask = 2147483647;
			files = (
			);
			runOnlyForDeploymentPostprocessing = 0;
		};
/* End PBXFrameworksBuildPhase section */

/* Begin PBXGroup section */
		27C8F4A9200E253400E89A65 = {
			isa = PBXGroup;
			children = (
				27C8F4B4200E253400E89A65 /* WebLinkOC */,
				27C8F4B3200E253400E89A65 /* Products */,
			);
			sourceTree = "<group>";
		};
		27C8F4B3200E253400E89A65 /* Products */ = {
			isa = PBXGroup;
			children = (
				27C8F4B2200E253400E89A65 /* WebLinkOC.app */,
			);
			name = Products;
			sourceTree = "<group>";
		};
		27C8F4B4200E253400E89A65 /* WebLinkOC */ = {
			isa = PBXGroup;
			children = (
				27C8F4B5200E253400E89A65 /* AppDelegate.h */,
				27C8F4B6200E253400E89A65 /* AppDelegate.m */,
				27C8F4B8200E253400E89A65 /* ViewController.h */,
				27C8F4B9200E253400E89A65 /* ViewController.m */,
				27E71660202346DE000BB024 /* NavViewController.h */,
				27E71661202346DE000BB024 /* NavViewController.m */,
				27C8F4CD200E26EA00E89A65 /* WebViewController.h */,
				27C8F4CE200E26EA00E89A65 /* WebViewController.m */,
				27C8F4D02010D78500E89A65 /* WKWebViewController.h */,
				27C8F4D12010D78500E89A65 /* WKWebViewController.m */,
				27C8F4CB200E26CA00E89A65 /* demo.html */,
				27C8F4BB200E253400E89A65 /* Main.storyboard */,
				27C8F4BE200E253400E89A65 /* Assets.xcassets */,
				27C8F4C0200E253400E89A65 /* LaunchScreen.storyboard */,
				27C8F4C3200E253400E89A65 /* Info.plist */,
				27C8F4C4200E253400E89A65 /* main.m */,
			);
			path = WebLinkOC;
			sourceTree = "<group>";
		};
/* End PBXGroup section */

/* Begin PBXNativeTarget section */
		27C8F4B1200E253400E89A65 /* WebLinkOC */ = {
			isa = PBXNativeTarget;
			buildConfigurationList = 27C8F4C8200E253400E89A65 /* Build configuration list for PBXNativeTarget "WebLinkOC" */;
			buildPhases = (
				27C8F4AE200E253400E89A65 /* Sources */,
				27C8F4AF200E253400E89A65 /* Frameworks */,
				27C8F4B0200E253400E89A65 /* Resources */,
			);
			buildRules = (
			);
			dependencies = (
			);
			name = WebLinkOC;
			productName = WebLinkOC;
			productReference = 27C8F4B2200E253400E89A65 /* WebLinkOC.app */;
			productType = "com.apple.product-type.application";
		};
/* End PBXNativeTarget section */

/* Begin PBXProject section */
		27C8F4AA200E253400E89A65 /* Project object */ = {
			isa = PBXProject;
			attributes = {
				LastUpgradeCheck = 0920;
				ORGANIZATIONNAME = xiaofei;
				TargetAttributes = {
					27C8F4B1200E253400E89A65 = {
						CreatedOnToolsVersion = 9.2;
						ProvisioningStyle = Automatic;
					};
				};
			};
			buildConfigurationList = 27C8F4AD200E253400E89A65 /* Build configuration list for PBXProject "WebLinkOC" */;
			compatibilityVersion = "Xcode 8.0";
			developmentRegion = en;
			hasScannedForEncodings = 0;
			knownRegions = (
				en,
				Base,
			);
			mainGroup = 27C8F4A9200E253400E89A65;
			productRefGroup = 27C8F4B3200E253400E89A65 /* Products */;
			projectDirPath = "";
			projectRoot = "";
			targets = (
				27C8F4B1200E253400E89A65 /* WebLinkOC */,
			);
		};
/* End PBXProject section */

/* Begin PBXResourcesBuildPhase section */
		27C8F4B0200E253400E89A65 /* Resources */ = {
			isa = PBXResourcesBuildPhase;
			buildActionMask = 2147483647;
			files = (
				27C8F4C2200E253400E89A65 /* LaunchScreen.storyboard in Resources */,
				27C8F4CC200E26CA00E89A65 /* demo.html in Resources */,
				27C8F4BF200E253400E89A65 /* Assets.xcassets in Resources */,
				27C8F4BD200E253400E89A65 /* Main.storyboard in Resources */,
			);
			runOnlyForDeploymentPostprocessing = 0;
		};
/* End PBXResourcesBuildPhase section */

/* Begin PBXSourcesBuildPhase section */
		27C8F4AE200E253400E89A65 /* Sources */ = {
			isa = PBXSourcesBuildPhase;
			buildActionMask = 2147483647;
			files = (
				27C8F4D22010D78500E89A65 /* WKWebViewController.m in Sources */,
				27C8F4BA200E253400E89A65 /* ViewController.m in Sources */,
				27C8F4C5200E253400E89A65 /* main.m in Sources */,
				27C8F4B7200E253400E89A65 /* AppDelegate.m in Sources */,
				27E71662202346DE000BB024 /* NavViewController.m in Sources */,
				27C8F4CF200E26EA00E89A65 /* WebViewController.m in Sources */,
			);
			runOnlyForDeploymentPostprocessing = 0;
		};
/* End PBXSourcesBuildPhase section */

/* Begin PBXVariantGroup section */
		27C8F4BB200E253400E89A65 /* Main.storyboard */ = {
			isa = PBXVariantGroup;
			children = (
				27C8F4BC200E253400E89A65 /* Base */,
			);
			name = Main.storyboard;
			sourceTree = "<group>";
		};
		27C8F4C0200E253400E89A65 /* LaunchScreen.storyboard */ = {
			isa = PBXVariantGroup;
			children = (
				27C8F4C1200E253400E89A65 /* Base */,
			);
			name = LaunchScreen.storyboard;
			sourceTree = "<group>";
		};
/* End PBXVariantGroup section */

/* Begin XCBuildConfiguration section */
		27C8F4C6200E253400E89A65 /* Debug */ = {
			isa = XCBuildConfiguration;
			buildSettings = {
				ALWAYS_SEARCH_USER_PATHS = NO;
				CLANG_ANALYZER_NONNULL = YES;
				CLANG_ANALYZER_NUMBER_OBJECT_CONVERSION = YES_AGGRESSIVE;
				CLANG_CXX_LANGUAGE_STANDARD = "gnu++14";
				CLANG_CXX_LIBRARY = "libc++";
				CLANG_ENABLE_MODULES = YES;
				CLANG_ENABLE_OBJC_ARC = YES;
				CLANG_WARN_BLOCK_CAPTURE_AUTORELEASING = YES;
				CLANG_WARN_BOOL_CONVERSION = YES;
				CLANG_WARN_COMMA = YES;
				CLANG_WARN_CONSTANT_CONVERSION = YES;
				CLANG_WARN_DIRECT_OBJC_ISA_USAGE = YES_ERROR;
				CLANG_WARN_DOCUMENTATION_COMMENTS = YES;
				CLANG_WARN_EMPTY_BODY = YES;
				CLANG_WARN_ENUM_CONVERSION = YES;
				CLANG_WARN_INFINITE_RECURSION = YES;
				CLANG_WARN_INT_CONVERSION = YES;
				CLANG_WARN_NON_LITERAL_NULL_CONVERSION = YES;
				CLANG_WARN_OBJC_LITERAL_CONVERSION = YES;
				CLANG_WARN_OBJC_ROOT_CLASS = YES_ERROR;
				CLANG_WARN_RANGE_LOOP_ANALYSIS = YES;
				CLANG_WARN_STRICT_PROTOTYPES = YES;
				CLANG_WARN_SUSPICIOUS_MOVE = YES;
				CLANG_WARN_UNGUARDED_AVAILABILITY = YES_AGGRESSIVE;
				CLANG_WARN_UNREACHABLE_CODE = YES;
				CLANG_WARN__DUPLICATE_METHOD_MATCH = YES;
				CODE_SIGN_IDENTITY = "iPhone Developer";
				COPY_PHASE_STRIP = NO;
				DEBUG_INFORMATION_FORMAT = dwarf;
				ENABLE_STRICT_OBJC_MSGSEND = YES;
				ENABLE_TESTABILITY = YES;
				GCC_C_LANGUAGE_STANDARD = gnu11;
				GCC_DYNAMIC_NO_PIC = NO;
				GCC_NO_COMMON_BLOCKS = YES;
				GCC_OPTIMIZATION_LEVEL = 0;
				GCC_PREPROCESSOR_DEFINITIONS = (
					"DEBUG=1",
					"$(inherited)",
				);
				GCC_WARN_64_TO_32_BIT_CONVERSION = YES;
				GCC_WARN_ABOUT_RETURN_TYPE = YES_ERROR;
				GCC_WARN_UNDECLARED_SELECTOR = YES;
				GCC_WARN_UNINITIALIZED_AUTOS = YES_AGGRESSIVE;
				GCC_WARN_UNUSED_FUNCTION = YES;
				GCC_WARN_UNUSED_VARIABLE = YES;
				IPHONEOS_DEPLOYMENT_TARGET = 11.2;
				MTL_ENABLE_DEBUG_INFO = YES;
				ONLY_ACTIVE_ARCH = YES;
				SDKROOT = iphoneos;
			};
			name = Debug;
		};
		27C8F4C7200E253400E89A65 /* Release */ = {
			isa = XCBuildConfiguration;
			buildSettings = {
				ALWAYS_SEARCH_USER_PATHS = NO;
				CLANG_ANALYZER_NONNULL = YES;
				CLANG_ANALYZER_NUMBER_OBJECT_CONVERSION = YES_AGGRESSIVE;
				CLANG_CXX_LANGUAGE_STANDARD = "gnu++14";
				CLANG_CXX_LIBRARY = "libc++";
				CLANG_ENABLE_MODULES = YES;
				CLANG_ENABLE_OBJC_ARC = YES;
				CLANG_WARN_BLOCK_CAPTURE_AUTORELEASING = YES;
				CLANG_WARN_BOOL_CONVERSION = YES;
				CLANG_WARN_COMMA = YES;
				CLANG_WARN_CONSTANT_CONVERSION = YES;
				CLANG_WARN_DIRECT_OBJC_ISA_USAGE = YES_ERROR;
				CLANG_WARN_DOCUMENTATION_COMMENTS = YES;
				CLANG_WARN_EMPTY_BODY = YES;
				CLANG_WARN_ENUM_CONVERSION = YES;
				CLANG_WARN_INFINITE_RECURSION = YES;
				CLANG_WARN_INT_CONVERSION = YES;
				CLANG_WARN_NON_LITERAL_NULL_CONVERSION = YES;
				CLANG_WARN_OBJC_LITERAL_CONVERSION = YES;
				CLANG_WARN_OBJC_ROOT_CLASS = YES_ERROR;
				CLANG_WARN_RANGE_LOOP_ANALYSIS = YES;
				CLANG_WARN_STRICT_PROTOTYPES = YES;
				CLANG_WARN_SUSPICIOUS_MOVE = YES;
				CLANG_WARN_UNGUARDED_AVAILABILITY = YES_AGGRESSIVE;
				CLANG_WARN_UNREACHABLE_CODE = YES;
				CLANG_WARN__DUPLICATE_METHOD_MATCH = YES;
				CODE_SIGN_IDENTITY = "iPhone Developer";
				COPY_PHASE_STRIP = NO;
				DEBUG_INFORMATION_FORMAT = "dwarf-with-dsym";
				ENABLE_NS_ASSERTIONS = NO;
				ENABLE_STRICT_OBJC_MSGSEND = YES;
				GCC_C_LANGUAGE_STANDARD = gnu11;
				GCC_NO_COMMON_BLOCKS = YES;
				GCC_WARN_64_TO_32_BIT_CONVERSION = YES;
				GCC_WARN_ABOUT_RETURN_TYPE = YES_ERROR;
				GCC_WARN_UNDECLARED_SELECTOR = YES;
				GCC_WARN_UNINITIALIZED_AUTOS = YES_AGGRESSIVE;
				GCC_WARN_UNUSED_FUNCTION = YES;
				GCC_WARN_UNUSED_VARIABLE = YES;
				IPHONEOS_DEPLOYMENT_TARGET = 11.2;
				MTL_ENABLE_DEBUG_INFO = NO;
				SDKROOT = iphoneos;
				VALIDATE_PRODUCT = YES;
			};
			name = Release;
		};
		27C8F4C9200E253400E89A65 /* Debug */ = {
			isa = XCBuildConfiguration;
			buildSettings = {
				ASSETCATALOG_COMPILER_APPICON_NAME = AppIcon;
				CODE_SIGN_STYLE = Automatic;
				DEVELOPMENT_TEAM = BTNY4MKFD9;
				INFOPLIST_FILE = WebLinkOC/Info.plist;
				LD_RUNPATH_SEARCH_PATHS = "$(inherited) @executable_path/Frameworks";
				PRODUCT_BUNDLE_IDENTIFIER = xiaofei.WebLinkOC;
				PRODUCT_NAME = "$(TARGET_NAME)";
				TARGETED_DEVICE_FAMILY = "1,2";
			};
			name = Debug;
		};
		27C8F4CA200E253400E89A65 /* Release */ = {
			isa = XCBuildConfiguration;
			buildSettings = {
				ASSETCATALOG_COMPILER_APPICON_NAME = AppIcon;
				CODE_SIGN_STYLE = Automatic;
				DEVELOPMENT_TEAM = BTNY4MKFD9;
				INFOPLIST_FILE = WebLinkOC/Info.plist;
				LD_RUNPATH_SEARCH_PATHS = "$(inherited) @executable_path/Frameworks";
				PRODUCT_BUNDLE_IDENTIFIER = xiaofei.WebLinkOC;
				PRODUCT_NAME = "$(TARGET_NAME)";
				TARGETED_DEVICE_FAMILY = "1,2";
			};
			name = Release;
		};
/* End XCBuildConfiguration section */

/* Begin XCConfigurationList section */
		27C8F4AD200E253400E89A65 /* Build configuration list for PBXProject "WebLinkOC" */ = {
			isa = XCConfigurationList;
			buildConfigurations = (
				27C8F4C6200E253400E89A65 /* Debug */,
				27C8F4C7200E253400E89A65 /* Release */,
			);
			defaultConfigurationIsVisible = 0;
			defaultConfigurationName = Release;
		};
		27C8F4C8200E253400E89A65 /* Build configuration list for PBXNativeTarget "WebLinkOC" */ = {
			isa = XCConfigurationList;
			buildConfigurations = (
				27C8F4C9200E253400E89A65 /* Debug */,
				27C8F4CA200E253400E89A65 /* Release */,
			);
			defaultConfigurationIsVisible = 0;
			defaultConfigurationName = Release;
		};
/* End XCConfigurationList section */
	};
	rootObject = 27C8F4AA200E253400E89A65 /* Project object */;
}
